{
  "version": 4,
  "terraform_version": "1.10.3",
  "serial": 9,
  "lineage": "292f2dcb-55b2-3385-282a-ee228d738bac",
  "outputs": {
    "droplet_ip": {
      "value": "104.236.249.102",
      "type": "string"
    }
  },
  "resources": [
    {
      "mode": "managed",
      "type": "digitalocean_droplet",
      "name": "docker_machine",
      "provider": "provider[\"registry.terraform.io/digitalocean/digitalocean\"]",
      "instances": [
        {
          "schema_version": 1,
          "attributes": {
            "backup_policy": [],
            "backups": false,
            "created_at": "2024-12-27T23:09:34Z",
            "disk": 25,
            "droplet_agent": null,
            "graceful_shutdown": false,
            "id": "466289819",
            "image": "docker-20-04",
            "ipv4_address": "104.236.249.102",
            "ipv4_address_private": "10.108.0.2",
            "ipv6": false,
            "ipv6_address": "",
            "locked": false,
            "memory": 1024,
            "monitoring": false,
            "name": "docker-droplet",
            "price_hourly": 0.00893,
            "price_monthly": 6,
            "private_networking": true,
            "region": "nyc3",
            "resize_disk": true,
            "size": "s-1vcpu-1gb",
            "ssh_keys": [
              "ac:cc:56:99:b1:6b:36:84:d3:a3:c2:9f:80:c5:19:67"
            ],
            "status": "active",
            "tags": [
              "bot",
              "deploy",
              "docker"
            ],
            "timeouts": null,
            "urn": "do:droplet:466289819",
            "user_data": null,
            "vcpus": 1,
            "volume_ids": [],
            "vpc_uuid": "3786a024-5fb2-4d54-9c7f-32c900df57bf"
          },
          "sensitive_attributes": [],
          "private": "eyJlMmJmYjczMC1lY2FhLTExZTYtOGY4OC0zNDM2M2JjN2M0YzAiOnsiY3JlYXRlIjozNjAwMDAwMDAwMDAwLCJkZWxldGUiOjYwMDAwMDAwMDAwLCJ1cGRhdGUiOjM2MDAwMDAwMDAwMDB9LCJzY2hlbWFfdmVyc2lvbiI6IjEifQ==",
          "dependencies": [
            "digitalocean_ssh_key.my_key"
          ]
        }
      ]
    },
    {
      "mode": "managed",
      "type": "digitalocean_ssh_key",
      "name": "my_key",
      "provider": "provider[\"registry.terraform.io/digitalocean/digitalocean\"]",
      "instances": [
        {
          "schema_version": 0,
          "attributes": {
            "fingerprint": "ac:cc:56:99:b1:6b:36:84:d3:a3:c2:9f:80:c5:19:67",
            "id": "44604001",
            "name": "joao_ocean",
            "public_key": "ssh-rsa AAAAB3NzaC1yc2EAAAADAQABAAACAQC/Oif4gVACdlPRwVjJalB2EIivHjpUEnVHqRlUr4w0FoeSMmP14DZDTeflJCnJCTg2NXA/YND6J/tPyDFGjWTXNdorYI209/0hbDQME7sBujl6zMesrK0Ph2/xEEfO6X0Jt8YXTkTsNLQzhil1DjtpqY09rwPyrEaZFyQhHawdrmYMIwI41cg1O7HyJqiHYKWOE67LeiMXX9Hjg5eendydi+3dkFV15sUdKcDa+ngHPu2xCFKVMMk+u8i83ksR+7BJVdkBzHBnoSfoZojb9MMOqQfFb/6+w0G9iYO+vI96g0BMNaZP1NZ+Jxf5Wkxds1Beh6dO/UgsyDYNgqsuluGh1RLysXpcMC7hL9QNbpM5saHdLwTGJrOHaz7PDQoRKvChBlL96BeMmyu/5su4H3c5t0Y9PLLsD+jUJUj7ZdcaY1wCSCcuOL8Plw1h+OLO6/z3xACY8m2Jt1RmOwSrv8lRppnenleCyNdHikCP5xzMrB30GouR/NuLs95l8PA9HHSm4FQpcVKzg6JYLJzfYzhBlGY5tkqxwhY/KJHT2j1dXcd0PUvZczmHjWCRcujjndub19TQWXppoqK92tbAj1qUiRwD/2gnDgg3DSTf3PZl8RHuvaVchjPfxyksRPs7QZMc5pxPgZ+sFqB86jHGiznpKLf0e3C2tS0ii2vIg9xV7Q== joao_ocean\n",
            "timeouts": null
          },
          "sensitive_attributes": [],
          "private": "eyJlMmJmYjczMC1lY2FhLTExZTYtOGY4OC0zNDM2M2JjN2M0YzAiOnsiY3JlYXRlIjoxMjAwMDAwMDAwMDB9fQ=="
        }
      ]
    }
  ],
  "check_results": null
}
